{
  "name": "@thgamble/containerization-assist-mcp",
  "version": "1.1.7",
  "lockfileVersion": 3,
  "requires": true,
  "packages": {
    "": {
      "name": "@thgamble/containerization-assist-mcp",
      "version": "1.1.7",
      "cpu": [
        "x64",
        "arm64"
      ],
      "hasInstallScript": true,
      "license": "MIT",
      "os": [
        "darwin",
        "linux",
        "win32"
      ],
      "dependencies": {
        "zod": "^3.23.8"
      },
      "bin": {
        "ckmcp": "bin/containerization-assist-mcp",
        "containerization-assist-mcp": "bin/containerization-assist-mcp"
      },
      "engines": {
        "node": ">=16.0.0"
      },
      "optionalDependencies": {
        "@thgamble/containerization-assist-mcp-darwin-arm64": "1.1.5",
        "@thgamble/containerization-assist-mcp-darwin-x64": "1.1.5",
        "@thgamble/containerization-assist-mcp-linux-arm64": "1.1.5",
        "@thgamble/containerization-assist-mcp-linux-x64": "1.1.5",
        "@thgamble/containerization-assist-mcp-win32-arm64": "1.1.5",
        "@thgamble/containerization-assist-mcp-win32-x64": "1.1.5"
      }
    },
    "node_modules/@thgamble/containerization-assist-mcp-darwin-arm64": {
      "version": "1.1.5",
      "resolved": "https://registry.npmjs.org/@thgamble/containerization-assist-mcp-darwin-arm64/-/containerization-assist-mcp-darwin-arm64-1.1.5.tgz",
      "integrity": "sha512-iSkob4PdiqP6AcYYgUrYTW8DHgXwRDSDffT/8GzR0tEMDQQnI2+1VEfY33Y09dMT/+4sv+ogFbsfBvAj/7f7mQ==",
      "cpu": [
        "arm64"
      ],
      "license": "MIT",
      "optional": true,
      "os": [
        "darwin"
      ]
    },
    "node_modules/@thgamble/containerization-assist-mcp-darwin-x64": {
      "optional": true
    },
    "node_modules/@thgamble/containerization-assist-mcp-linux-arm64": {
      "optional": true
    },
    "node_modules/@thgamble/containerization-assist-mcp-linux-x64": {
      "optional": true
    },
    "node_modules/@thgamble/containerization-assist-mcp-win32-arm64": {
      "optional": true
    },
    "node_modules/@thgamble/containerization-assist-mcp-win32-x64": {
      "optional": true
    },
    "node_modules/zod": {
      "version": "3.25.76",
      "resolved": "https://registry.npmjs.org/zod/-/zod-3.25.76.tgz",
      "integrity": "sha512-gzUt/qt81nXsFGKIFcC3YnfEAx5NkunCfnDlvuBSSFS02bcXu4Lmea0AFIUwbLWxWPx3d9p8S5QoaujKcNQxcQ==",
      "license": "MIT",
      "funding": {
        "url": "https://github.com/sponsors/colinhacks"
      }
    }
  }
}
